
Microsoft Visual Studio Solution File, Format Version 12.00
# Visual Studio 15
VisualStudioVersion = 15.0.27703.2042
MinimumVisualStudioVersion = 10.0.40219.1
Project("{FAE04EC0-301F-11D3-BF4B-00C04F79EFBC}") = "Triopod", "Triopod\Triopod.csproj", "{B75372E4-0B8B-4B78-88DE-E3AFA2281494}"
EndProject
Global
	GlobalSection(SolutionConfigurationPlatforms) = preSolution
		Debug|Any CPU = Debug|Any CPU
		Release|Any CPU = Release|Any CPU
	EndGlobalSection
	GlobalSection(ProjectConfigurationPlatforms) = postSolution
		{B75372E4-0B8B-4B78-88DE-E3AFA2281494}.Debug|Any CPU.ActiveCfg = Debug|Any CPU
		{B75372E4-0B8B-4B78-88DE-E3AFA2281494}.Debug|Any CPU.Build.0 = Debug|Any CPU
		{B75372E4-0B8B-4B78-88DE-E3AFA2281494}.Release|Any CPU.ActiveCfg = Release|Any CPU
		{B75372E4-0B8B-4B78-88DE-E3AFA2281494}.Release|Any CPU.Build.0 = Release|Any CPU
	EndGlobalSection
	GlobalSection(SolutionProperties) = preSolution
		HideSolutionNode = FALSE
	EndGlobalSection
	GlobalSection(ExtensibilityGlobals) = postSolution
		SolutionGuid = {30A9366D-56DF-4040-954A-F3E8DEDA9772}
	EndGlobalSection
EndGlobal
